{
	"name": "@turbo-cli-dev/core",
	"version": "1.0.3",
	"lockfileVersion": 1,
	"requires": true,
	"dependencies": {
		"turboson-cli": {
			"version": "1.0.1",
			"resolved": "https://registry.npmjs.org/turboson-cli/-/turboson-cli-1.0.1.tgz",
			"integrity": "sha512-w/OwN+vBvDp3g6GBNeRpr694v/kPiS37vhpqr9yRVGeyRixJiz9Q2HFnN8r+ZYqojjw2qwkiJNhd8M4cTocsew==",
			"requires": {
				"turboson-cli-lib": "^1.1.0"
			}
		},
		"turboson-cli-lib": {
			"version": "1.1.0",
			"resolved": "https://registry.npmjs.org/turboson-cli-lib/-/turboson-cli-lib-1.1.0.tgz",
			"integrity": "sha512-oDiFBbro/Da52nnz3LycL2hbZJl2NasfXecFSAfe/XdZplV3ajJ2EmOTBLV5mM2LSkHOxp34BNelQw4xEnj0uQ=="
		}
	}
}
